
Microsoft Visual Studio Solution File, Format Version 12.00
# Visual Studio Version 17
VisualStudioVersion = 17.0.31903.59
MinimumVisualStudioVersion = 10.0.40219.1
Project("{FAE04EC0-301F-11D3-BF4B-00C04F79EFBC}") = "Tilteroids.Desktop", "Tilteroids.Desktop\Tilteroids.Desktop.csproj", "{A781838F-B845-4E54-90A9-3960AE320B12}"
EndProject
Project("{FAE04EC0-301F-11D3-BF4B-00C04F79EFBC}") = "SpaceshipArcade.MG.Engine", "SpaceshipArcade.MG.Engine\SpaceshipArcade.MG.Engine.csproj", "{ECA9CA73-8EF8-4527-AA74-60191C369118}"
EndProject
Project("{FAE04EC0-301F-11D3-BF4B-00C04F79EFBC}") = "Tilteriods.Android", "Tilteriods.Android\Tilteriods.Android.csproj", "{A79BDEEB-085C-41B5-8E49-B8CBCF4BF7D3}"
EndProject
Project("{FAE04EC0-301F-11D3-BF4B-00C04F79EFBC}") = "Tilteroids.Core", "Tilteroids.Core\Tilteroids.Core.csproj", "{3BC9E70E-9334-439F-A07F-0989E0AF51D5}"
EndProject
Project("{D954291E-2A0B-460D-934E-DC6B0785DB48}") = "Tilteroids.Shared", "Tilteroids.Shared\Tilteroids.Shared.shproj", "{A0CDBD0E-3A41-42B7-9425-A838BC2C7383}"
EndProject
Global
	GlobalSection(SolutionConfigurationPlatforms) = preSolution
		Debug|Any CPU = Debug|Any CPU
		Debug|x64 = Debug|x64
		Debug|x86 = Debug|x86
		Release|Any CPU = Release|Any CPU
		Release|x64 = Release|x64
		Release|x86 = Release|x86
	EndGlobalSection
	GlobalSection(ProjectConfigurationPlatforms) = postSolution
		{A781838F-B845-4E54-90A9-3960AE320B12}.Debug|Any CPU.ActiveCfg = Debug|Any CPU
		{A781838F-B845-4E54-90A9-3960AE320B12}.Debug|Any CPU.Build.0 = Debug|Any CPU
		{A781838F-B845-4E54-90A9-3960AE320B12}.Debug|x64.ActiveCfg = Debug|Any CPU
		{A781838F-B845-4E54-90A9-3960AE320B12}.Debug|x64.Build.0 = Debug|Any CPU
		{A781838F-B845-4E54-90A9-3960AE320B12}.Debug|x86.ActiveCfg = Debug|Any CPU
		{A781838F-B845-4E54-90A9-3960AE320B12}.Debug|x86.Build.0 = Debug|Any CPU
		{A781838F-B845-4E54-90A9-3960AE320B12}.Release|Any CPU.ActiveCfg = Release|Any CPU
		{A781838F-B845-4E54-90A9-3960AE320B12}.Release|Any CPU.Build.0 = Release|Any CPU
		{A781838F-B845-4E54-90A9-3960AE320B12}.Release|x64.ActiveCfg = Release|Any CPU
		{A781838F-B845-4E54-90A9-3960AE320B12}.Release|x64.Build.0 = Release|Any CPU
		{A781838F-B845-4E54-90A9-3960AE320B12}.Release|x86.ActiveCfg = Release|Any CPU
		{A781838F-B845-4E54-90A9-3960AE320B12}.Release|x86.Build.0 = Release|Any CPU
		{ECA9CA73-8EF8-4527-AA74-60191C369118}.Debug|Any CPU.ActiveCfg = Debug|Any CPU
		{ECA9CA73-8EF8-4527-AA74-60191C369118}.Debug|Any CPU.Build.0 = Debug|Any CPU
		{ECA9CA73-8EF8-4527-AA74-60191C369118}.Debug|x64.ActiveCfg = Debug|Any CPU
		{ECA9CA73-8EF8-4527-AA74-60191C369118}.Debug|x64.Build.0 = Debug|Any CPU
		{ECA9CA73-8EF8-4527-AA74-60191C369118}.Debug|x86.ActiveCfg = Debug|Any CPU
		{ECA9CA73-8EF8-4527-AA74-60191C369118}.Debug|x86.Build.0 = Debug|Any CPU
		{ECA9CA73-8EF8-4527-AA74-60191C369118}.Release|Any CPU.ActiveCfg = Release|Any CPU
		{ECA9CA73-8EF8-4527-AA74-60191C369118}.Release|Any CPU.Build.0 = Release|Any CPU
		{ECA9CA73-8EF8-4527-AA74-60191C369118}.Release|x64.ActiveCfg = Release|Any CPU
		{ECA9CA73-8EF8-4527-AA74-60191C369118}.Release|x64.Build.0 = Release|Any CPU
		{ECA9CA73-8EF8-4527-AA74-60191C369118}.Release|x86.ActiveCfg = Release|Any CPU
		{ECA9CA73-8EF8-4527-AA74-60191C369118}.Release|x86.Build.0 = Release|Any CPU
		{A79BDEEB-085C-41B5-8E49-B8CBCF4BF7D3}.Debug|Any CPU.ActiveCfg = Debug|Any CPU
		{A79BDEEB-085C-41B5-8E49-B8CBCF4BF7D3}.Debug|Any CPU.Build.0 = Debug|Any CPU
		{A79BDEEB-085C-41B5-8E49-B8CBCF4BF7D3}.Debug|Any CPU.Deploy.0 = Debug|Any CPU
		{A79BDEEB-085C-41B5-8E49-B8CBCF4BF7D3}.Debug|x64.ActiveCfg = Debug|Any CPU
		{A79BDEEB-085C-41B5-8E49-B8CBCF4BF7D3}.Debug|x64.Build.0 = Debug|Any CPU
		{A79BDEEB-085C-41B5-8E49-B8CBCF4BF7D3}.Debug|x86.ActiveCfg = Debug|Any CPU
		{A79BDEEB-085C-41B5-8E49-B8CBCF4BF7D3}.Debug|x86.Build.0 = Debug|Any CPU
		{A79BDEEB-085C-41B5-8E49-B8CBCF4BF7D3}.Release|Any CPU.ActiveCfg = Release|Any CPU
		{A79BDEEB-085C-41B5-8E49-B8CBCF4BF7D3}.Release|Any CPU.Build.0 = Release|Any CPU
		{A79BDEEB-085C-41B5-8E49-B8CBCF4BF7D3}.Release|x64.ActiveCfg = Release|Any CPU
		{A79BDEEB-085C-41B5-8E49-B8CBCF4BF7D3}.Release|x64.Build.0 = Release|Any CPU
		{A79BDEEB-085C-41B5-8E49-B8CBCF4BF7D3}.Release|x86.ActiveCfg = Release|Any CPU
		{A79BDEEB-085C-41B5-8E49-B8CBCF4BF7D3}.Release|x86.Build.0 = Release|Any CPU
		{3BC9E70E-9334-439F-A07F-0989E0AF51D5}.Debug|Any CPU.ActiveCfg = Debug|Any CPU
		{3BC9E70E-9334-439F-A07F-0989E0AF51D5}.Debug|Any CPU.Build.0 = Debug|Any CPU
		{3BC9E70E-9334-439F-A07F-0989E0AF51D5}.Debug|x64.ActiveCfg = Debug|Any CPU
		{3BC9E70E-9334-439F-A07F-0989E0AF51D5}.Debug|x64.Build.0 = Debug|Any CPU
		{3BC9E70E-9334-439F-A07F-0989E0AF51D5}.Debug|x86.ActiveCfg = Debug|Any CPU
		{3BC9E70E-9334-439F-A07F-0989E0AF51D5}.Debug|x86.Build.0 = Debug|Any CPU
		{3BC9E70E-9334-439F-A07F-0989E0AF51D5}.Release|Any CPU.ActiveCfg = Release|Any CPU
		{3BC9E70E-9334-439F-A07F-0989E0AF51D5}.Release|Any CPU.Build.0 = Release|Any CPU
		{3BC9E70E-9334-439F-A07F-0989E0AF51D5}.Release|x64.ActiveCfg = Release|Any CPU
		{3BC9E70E-9334-439F-A07F-0989E0AF51D5}.Release|x64.Build.0 = Release|Any CPU
		{3BC9E70E-9334-439F-A07F-0989E0AF51D5}.Release|x86.ActiveCfg = Release|Any CPU
		{3BC9E70E-9334-439F-A07F-0989E0AF51D5}.Release|x86.Build.0 = Release|Any CPU
	EndGlobalSection
	GlobalSection(SolutionProperties) = preSolution
		HideSolutionNode = FALSE
	EndGlobalSection
	GlobalSection(ExtensibilityGlobals) = postSolution
		SolutionGuid = {41935527-0871-48CC-9420-7793D6A5F82C}
	EndGlobalSection
	GlobalSection(SharedMSBuildProjectFiles) = preSolution
		Tilteroids.Shared\Tilteroids.Shared.projitems*{a0cdbd0e-3a41-42b7-9425-a838bc2c7383}*SharedItemsImports = 13
	EndGlobalSection
EndGlobal
